
Microsoft Visual Studio Solution File, Format Version 12.00
# Visual Studio Version 18
VisualStudioVersion = 18.5.11723.231 stable
MinimumVisualStudioVersion = 10.0.40219.1
Project("{FAE04EC0-301F-11D3-BF4B-00C04F79EFBC}") = "Kino_Kilunina", "Kino_Kilunina\Kino_Kilunina.csproj", "{1934E8E6-197C-479C-ABE3-DBE5D81F7D30}"
EndProject
Global
	GlobalSection(SolutionConfigurationPlatforms) = preSolution
		Debug|Any CPU = Debug|Any CPU
		Release|Any CPU = Release|Any CPU
	EndGlobalSection
	GlobalSection(ProjectConfigurationPlatforms) = postSolution
		{1934E8E6-197C-479C-ABE3-DBE5D81F7D30}.Debug|Any CPU.ActiveCfg = Debug|Any CPU
		{1934E8E6-197C-479C-ABE3-DBE5D81F7D30}.Debug|Any CPU.Build.0 = Debug|Any CPU
		{1934E8E6-197C-479C-ABE3-DBE5D81F7D30}.Release|Any CPU.ActiveCfg = Release|Any CPU
		{1934E8E6-197C-479C-ABE3-DBE5D81F7D30}.Release|Any CPU.Build.0 = Release|Any CPU
	EndGlobalSection
	GlobalSection(SolutionProperties) = preSolution
		HideSolutionNode = FALSE
	EndGlobalSection
	GlobalSection(ExtensibilityGlobals) = postSolution
		SolutionGuid = {8DE06602-1940-40FE-A6A5-F6197A29E33B}
	EndGlobalSection
EndGlobal
